
Microsoft Visual Studio Solution File, Format Version 12.00
# Visual Studio Version 17
VisualStudioVersion = 17.11.35327.3
MinimumVisualStudioVersion = 10.0.40219.1
Project("{FAE04EC0-301F-11D3-BF4B-00C04F79EFBC}") = "QuickSurprise", "QuickSurprise\QuickSurprise.csproj", "{B49D28F3-33B1-4059-B3BF-A4AE02A12844}"
EndProject
Global
	GlobalSection(SolutionConfigurationPlatforms) = preSolution
		Debug|Any CPU = Debug|Any CPU
		Release|Any CPU = Release|Any CPU
	EndGlobalSection
	GlobalSection(ProjectConfigurationPlatforms) = postSolution
		{B49D28F3-33B1-4059-B3BF-A4AE02A12844}.Debug|Any CPU.ActiveCfg = Debug|Any CPU
		{B49D28F3-33B1-4059-B3BF-A4AE02A12844}.Debug|Any CPU.Build.0 = Debug|Any CPU
		{B49D28F3-33B1-4059-B3BF-A4AE02A12844}.Release|Any CPU.ActiveCfg = Release|Any CPU
		{B49D28F3-33B1-4059-B3BF-A4AE02A12844}.Release|Any CPU.Build.0 = Release|Any CPU
	EndGlobalSection
	GlobalSection(SolutionProperties) = preSolution
		HideSolutionNode = FALSE
	EndGlobalSection
	GlobalSection(ExtensibilityGlobals) = postSolution
		SolutionGuid = {84919291-22A4-4FD4-9A02-E19BBD3BB084}
	EndGlobalSection
EndGlobal
